
Microsoft Visual Studio Solution File, Format Version 12.00
# Visual Studio Version 16
VisualStudioVersion = 16.0.30517.126
MinimumVisualStudioVersion = 10.0.40219.1
Project("{FAE04EC0-301F-11D3-BF4B-00C04F79EFBC}") = "Zadanie1", "Zadanie1.csproj", "{C3117C63-916C-4A73-B50E-D2395677F8C6}"
EndProject
Global
	GlobalSection(SolutionConfigurationPlatforms) = preSolution
		Debug|Any CPU = Debug|Any CPU
		Release|Any CPU = Release|Any CPU
	EndGlobalSection
	GlobalSection(ProjectConfigurationPlatforms) = postSolution
		{C3117C63-916C-4A73-B50E-D2395677F8C6}.Debug|Any CPU.ActiveCfg = Debug|Any CPU
		{C3117C63-916C-4A73-B50E-D2395677F8C6}.Debug|Any CPU.Build.0 = Debug|Any CPU
		{C3117C63-916C-4A73-B50E-D2395677F8C6}.Release|Any CPU.ActiveCfg = Release|Any CPU
		{C3117C63-916C-4A73-B50E-D2395677F8C6}.Release|Any CPU.Build.0 = Release|Any CPU
	EndGlobalSection
	GlobalSection(SolutionProperties) = preSolution
		HideSolutionNode = FALSE
	EndGlobalSection
	GlobalSection(ExtensibilityGlobals) = postSolution
		SolutionGuid = {667A8D0A-A326-45C0-8B4F-80726C130FF0}
	EndGlobalSection
EndGlobal
